
Microsoft Visual Studio Solution File, Format Version 12.00
# Visual Studio Version 16
VisualStudioVersion = 16.0.29709.97
MinimumVisualStudioVersion = 10.0.40219.1
Project("{9092AA53-FB77-4645-B42D-1CCCA6BD08BD}") = "masterMind", "masterMind.njsproj", "{20CDE6D8-E80D-444E-9C02-AA84926A4171}"
EndProject
Global
	GlobalSection(SolutionConfigurationPlatforms) = preSolution
		Debug|Any CPU = Debug|Any CPU
		Release|Any CPU = Release|Any CPU
	EndGlobalSection
	GlobalSection(ProjectConfigurationPlatforms) = postSolution
		{20CDE6D8-E80D-444E-9C02-AA84926A4171}.Debug|Any CPU.ActiveCfg = Debug|Any CPU
		{20CDE6D8-E80D-444E-9C02-AA84926A4171}.Debug|Any CPU.Build.0 = Debug|Any CPU
		{20CDE6D8-E80D-444E-9C02-AA84926A4171}.Release|Any CPU.ActiveCfg = Release|Any CPU
		{20CDE6D8-E80D-444E-9C02-AA84926A4171}.Release|Any CPU.Build.0 = Release|Any CPU
	EndGlobalSection
	GlobalSection(SolutionProperties) = preSolution
		HideSolutionNode = FALSE
	EndGlobalSection
	GlobalSection(ExtensibilityGlobals) = postSolution
		SolutionGuid = {753B67E1-3891-4E0B-9B6B-75B18BB6B833}
	EndGlobalSection
EndGlobal
